// !$*UTF8*$!
{
	archiveVersion = 1;
	classes = {
	};
	objectVersion = 56;
	objects = {

/* Begin PBXBuildFile section */
		DE3B01672B97146100398A43 /* AppDelegate.swift in Sources */ = {isa = PBXBuildFile; fileRef = DE3B01662B97146100398A43 /* AppDelegate.swift */; };
		DE3B01692B97146100398A43 /* SceneDelegate.swift in Sources */ = {isa = PBXBuildFile; fileRef = DE3B01682B97146100398A43 /* SceneDelegate.swift */; };
		DE3B016B2B97146100398A43 /* ViewController.swift in Sources */ = {isa = PBXBuildFile; fileRef = DE3B016A2B97146100398A43 /* ViewController.swift */; };
		DE3B016E2B97146100398A43 /* Main.storyboard in Resources */ = {isa = PBXBuildFile; fileRef = DE3B016C2B97146100398A43 /* Main.storyboard */; };
		DE3B01702B97146200398A43 /* Assets.xcassets in Resources */ = {isa = PBXBuildFile; fileRef = DE3B016F2B97146200398A43 /* Assets.xcassets */; };
		DE3B01732B97146200398A43 /* LaunchScreen.storyboard in Resources */ = {isa = PBXBuildFile; fileRef = DE3B01712B97146200398A43 /* LaunchScreen.storyboard */; };
		DE3B017B2B97159B00398A43 /* GoogleService-Info.plist in Resources */ = {isa = PBXBuildFile; fileRef = DE3B017A2B97159B00398A43 /* GoogleService-Info.plist */; };
		DE3B017E2B9715FA00398A43 /* FirebaseAnalytics in Frameworks */ = {isa = PBXBuildFile; productRef = DE3B017D2B9715FA00398A43 /* FirebaseAnalytics */; };
		DE3B01802B9715FA00398A43 /* FirebaseAnalyticsOnDeviceConversion in Frameworks */ = {isa = PBXBuildFile; productRef = DE3B017F2B9715FA00398A43 /* FirebaseAnalyticsOnDeviceConversion */; };
		DE3B01822B9715FA00398A43 /* FirebaseAnalyticsSwift in Frameworks */ = {isa = PBXBuildFile; productRef = DE3B01812B9715FA00398A43 /* FirebaseAnalyticsSwift */; };
		DE3B01842B9715FA00398A43 /* FirebaseAnalyticsWithoutAdIdSupport in Frameworks */ = {isa = PBXBuildFile; productRef = DE3B01832B9715FA00398A43 /* FirebaseAnalyticsWithoutAdIdSupport */; };
		DE3B01862B9715FA00398A43 /* FirebaseAppCheck in Frameworks */ = {isa = PBXBuildFile; productRef = DE3B01852B9715FA00398A43 /* FirebaseAppCheck */; };
		DE3B01882B9715FA00398A43 /* FirebaseAppDistribution-Beta in Frameworks */ = {isa = PBXBuildFile; productRef = DE3B01872B9715FA00398A43 /* FirebaseAppDistribution-Beta */; };
		DE3B018A2B9715FA00398A43 /* FirebaseAuth in Frameworks */ = {isa = PBXBuildFile; productRef = DE3B01892B9715FA00398A43 /* FirebaseAuth */; };
		DE3B018C2B9715FA00398A43 /* FirebaseAuthCombine-Community in Frameworks */ = {isa = PBXBuildFile; productRef = DE3B018B2B9715FA00398A43 /* FirebaseAuthCombine-Community */; };
		DE3B018E2B9715FA00398A43 /* FirebaseCrashlytics in Frameworks */ = {isa = PBXBuildFile; productRef = DE3B018D2B9715FA00398A43 /* FirebaseCrashlytics */; };
		DE3B01902B9715FA00398A43 /* FirebaseDatabase in Frameworks */ = {isa = PBXBuildFile; productRef = DE3B018F2B9715FA00398A43 /* FirebaseDatabase */; };
		DE3B01922B9715FA00398A43 /* FirebaseDatabaseSwift in Frameworks */ = {isa = PBXBuildFile; productRef = DE3B01912B9715FA00398A43 /* FirebaseDatabaseSwift */; };
		DE3B01942B9715FA00398A43 /* FirebaseDynamicLinks in Frameworks */ = {isa = PBXBuildFile; productRef = DE3B01932B9715FA00398A43 /* FirebaseDynamicLinks */; };
		DE3B01962B9715FA00398A43 /* FirebaseFirestore in Frameworks */ = {isa = PBXBuildFile; productRef = DE3B01952B9715FA00398A43 /* FirebaseFirestore */; };
		DE3B01982B9715FA00398A43 /* FirebaseFirestoreCombine-Community in Frameworks */ = {isa = PBXBuildFile; productRef = DE3B01972B9715FA00398A43 /* FirebaseFirestoreCombine-Community */; };
		DE3B019A2B9715FA00398A43 /* FirebaseFirestoreSwift in Frameworks */ = {isa = PBXBuildFile; productRef = DE3B01992B9715FA00398A43 /* FirebaseFirestoreSwift */; };
		DE3B019C2B9715FA00398A43 /* FirebaseFunctions in Frameworks */ = {isa = PBXBuildFile; productRef = DE3B019B2B9715FA00398A43 /* FirebaseFunctions */; };
		DE3B019E2B9715FA00398A43 /* FirebaseFunctionsCombine-Community in Frameworks */ = {isa = PBXBuildFile; productRef = DE3B019D2B9715FA00398A43 /* FirebaseFunctionsCombine-Community */; };
		DE3B01A02B9715FA00398A43 /* FirebaseInAppMessaging-Beta in Frameworks */ = {isa = PBXBuildFile; productRef = DE3B019F2B9715FA00398A43 /* FirebaseInAppMessaging-Beta */; };
		DE3B01A22B9715FA00398A43 /* FirebaseInAppMessagingSwift-Beta in Frameworks */ = {isa = PBXBuildFile; productRef = DE3B01A12B9715FA00398A43 /* FirebaseInAppMessagingSwift-Beta */; };
		DE3B01A42B9715FA00398A43 /* FirebaseInstallations in Frameworks */ = {isa = PBXBuildFile; productRef = DE3B01A32B9715FA00398A43 /* FirebaseInstallations */; };
		DE3B01A62B9715FA00398A43 /* FirebaseMLModelDownloader in Frameworks */ = {isa = PBXBuildFile; productRef = DE3B01A52B9715FA00398A43 /* FirebaseMLModelDownloader */; };
		DE3B01A82B9715FA00398A43 /* FirebaseMessaging in Frameworks */ = {isa = PBXBuildFile; productRef = DE3B01A72B9715FA00398A43 /* FirebaseMessaging */; };
		DE3B01AA2B9715FA00398A43 /* FirebasePerformance in Frameworks */ = {isa = PBXBuildFile; productRef = DE3B01A92B9715FA00398A43 /* FirebasePerformance */; };
		DE3B01AC2B9715FA00398A43 /* FirebaseRemoteConfig in Frameworks */ = {isa = PBXBuildFile; productRef = DE3B01AB2B9715FA00398A43 /* FirebaseRemoteConfig */; };
		DE3B01AE2B9715FA00398A43 /* FirebaseRemoteConfigSwift in Frameworks */ = {isa = PBXBuildFile; productRef = DE3B01AD2B9715FA00398A43 /* FirebaseRemoteConfigSwift */; };
		DE3B01B02B9715FA00398A43 /* FirebaseStorage in Frameworks */ = {isa = PBXBuildFile; productRef = DE3B01AF2B9715FA00398A43 /* FirebaseStorage */; };
		DE3B01B22B9715FA00398A43 /* FirebaseStorageCombine-Community in Frameworks */ = {isa = PBXBuildFile; productRef = DE3B01B12B9715FA00398A43 /* FirebaseStorageCombine-Community */; };
		DE3B01B42B9718B000398A43 /* FeedViewController.swift in Sources */ = {isa = PBXBuildFile; fileRef = DE3B01B32B9718B000398A43 /* FeedViewController.swift */; };
		DE3B01B62B9718BA00398A43 /* UploadViewController.swift in Sources */ = {isa = PBXBuildFile; fileRef = DE3B01B52B9718BA00398A43 /* UploadViewController.swift */; };
		DE3B01B82B971CF700398A43 /* SettingsViewController.swift in Sources */ = {isa = PBXBuildFile; fileRef = DE3B01B72B971CF700398A43 /* SettingsViewController.swift */; };
/* End PBXBuildFile section */

/* Begin PBXFileReference section */
		DE3B01632B97146100398A43 /* FirebaseProject.app */ = {isa = PBXFileReference; explicitFileType = wrapper.application; includeInIndex = 0; path = FirebaseProject.app; sourceTree = BUILT_PRODUCTS_DIR; };
		DE3B01662B97146100398A43 /* AppDelegate.swift */ = {isa = PBXFileReference; lastKnownFileType = sourcecode.swift; path = AppDelegate.swift; sourceTree = "<group>"; };
		DE3B01682B97146100398A43 /* SceneDelegate.swift */ = {isa = PBXFileReference; lastKnownFileType = sourcecode.swift; path = SceneDelegate.swift; sourceTree = "<group>"; };
		DE3B016A2B97146100398A43 /* ViewController.swift */ = {isa = PBXFileReference; lastKnownFileType = sourcecode.swift; path = ViewController.swift; sourceTree = "<group>"; };
		DE3B016D2B97146100398A43 /* Base */ = {isa = PBXFileReference; lastKnownFileType = file.storyboard; name = Base; path = Base.lproj/Main.storyboard; sourceTree = "<group>"; };
		DE3B016F2B97146200398A43 /* Assets.xcassets */ = {isa = PBXFileReference; lastKnownFileType = folder.assetcatalog; path = Assets.xcassets; sourceTree = "<group>"; };
		DE3B01722B97146200398A43 /* Base */ = {isa = PBXFileReference; lastKnownFileType = file.storyboard; name = Base; path = Base.lproj/LaunchScreen.storyboard; sourceTree = "<group>"; };
		DE3B01742B97146200398A43 /* Info.plist */ = {isa = PBXFileReference; lastKnownFileType = text.plist.xml; path = Info.plist; sourceTree = "<group>"; };
		DE3B017A2B97159B00398A43 /* GoogleService-Info.plist */ = {isa = PBXFileReference; fileEncoding = 4; lastKnownFileType = text.plist.xml; path = "GoogleService-Info.plist"; sourceTree = "<group>"; };
		DE3B01B32B9718B000398A43 /* FeedViewController.swift */ = {isa = PBXFileReference; lastKnownFileType = sourcecode.swift; path = FeedViewController.swift; sourceTree = "<group>"; };
		DE3B01B52B9718BA00398A43 /* UploadViewController.swift */ = {isa = PBXFileReference; lastKnownFileType = sourcecode.swift; path = UploadViewController.swift; sourceTree = "<group>"; };
		DE3B01B72B971CF700398A43 /* SettingsViewController.swift */ = {isa = PBXFileReference; lastKnownFileType = sourcecode.swift; path = SettingsViewController.swift; sourceTree = "<group>"; };
/* End PBXFileReference section */

/* Begin PBXFrameworksBuildPhase section */
		DE3B01602B97146100398A43 /* Frameworks */ = {
			isa = PBXFrameworksBuildPhase;
			buildActionMask = 2147483647;
			files = (
				DE3B01902B9715FA00398A43 /* FirebaseDatabase in Frameworks */,
				DE3B019E2B9715FA00398A43 /* FirebaseFunctionsCombine-Community in Frameworks */,
				DE3B01962B9715FA00398A43 /* FirebaseFirestore in Frameworks */,
				DE3B01822B9715FA00398A43 /* FirebaseAnalyticsSwift in Frameworks */,
				DE3B017E2B9715FA00398A43 /* FirebaseAnalytics in Frameworks */,
				DE3B01802B9715FA00398A43 /* FirebaseAnalyticsOnDeviceConversion in Frameworks */,
				DE3B01A62B9715FA00398A43 /* FirebaseMLModelDownloader in Frameworks */,
				DE3B019A2B9715FA00398A43 /* FirebaseFirestoreSwift in Frameworks */,
				DE3B01862B9715FA00398A43 /* FirebaseAppCheck in Frameworks */,
				DE3B01842B9715FA00398A43 /* FirebaseAnalyticsWithoutAdIdSupport in Frameworks */,
				DE3B018A2B9715FA00398A43 /* FirebaseAuth in Frameworks */,
				DE3B018E2B9715FA00398A43 /* FirebaseCrashlytics in Frameworks */,
				DE3B01AE2B9715FA00398A43 /* FirebaseRemoteConfigSwift in Frameworks */,
				DE3B01A02B9715FA00398A43 /* FirebaseInAppMessaging-Beta in Frameworks */,
				DE3B01922B9715FA00398A43 /* FirebaseDatabaseSwift in Frameworks */,
				DE3B019C2B9715FA00398A43 /* FirebaseFunctions in Frameworks */,
				DE3B01B22B9715FA00398A43 /* FirebaseStorageCombine-Community in Frameworks */,
				DE3B01AC2B9715FA00398A43 /* FirebaseRemoteConfig in Frameworks */,
				DE3B01882B9715FA00398A43 /* FirebaseAppDistribution-Beta in Frameworks */,
				DE3B018C2B9715FA00398A43 /* FirebaseAuthCombine-Community in Frameworks */,
				DE3B01AA2B9715FA00398A43 /* FirebasePerformance in Frameworks */,
				DE3B01A22B9715FA00398A43 /* FirebaseInAppMessagingSwift-Beta in Frameworks */,
				DE3B01B02B9715FA00398A43 /* FirebaseStorage in Frameworks */,
				DE3B01942B9715FA00398A43 /* FirebaseDynamicLinks in Frameworks */,
				DE3B01982B9715FA00398A43 /* FirebaseFirestoreCombine-Community in Frameworks */,
				DE3B01A82B9715FA00398A43 /* FirebaseMessaging in Frameworks */,
				DE3B01A42B9715FA00398A43 /* FirebaseInstallations in Frameworks */,
			);
			runOnlyForDeploymentPostprocessing = 0;
		};
/* End PBXFrameworksBuildPhase section */

/* Begin PBXGroup section */
		DE3B015A2B97146100398A43 = {
			isa = PBXGroup;
			children = (
				DE3B01652B97146100398A43 /* FirebaseProject */,
				DE3B01642B97146100398A43 /* Products */,
			);
			sourceTree = "<group>";
		};
		DE3B01642B97146100398A43 /* Products */ = {
			isa = PBXGroup;
			children = (
				DE3B01632B97146100398A43 /* FirebaseProject.app */,
			);
			name = Products;
			sourceTree = "<group>";
		};
		DE3B01652B97146100398A43 /* FirebaseProject */ = {
			isa = PBXGroup;
			children = (
				DE3B01662B97146100398A43 /* AppDelegate.swift */,
				DE3B01682B97146100398A43 /* SceneDelegate.swift */,
				DE3B016A2B97146100398A43 /* ViewController.swift */,
				DE3B016C2B97146100398A43 /* Main.storyboard */,
				DE3B016F2B97146200398A43 /* Assets.xcassets */,
				DE3B01712B97146200398A43 /* LaunchScreen.storyboard */,
				DE3B017A2B97159B00398A43 /* GoogleService-Info.plist */,
				DE3B01742B97146200398A43 /* Info.plist */,
				DE3B01B32B9718B000398A43 /* FeedViewController.swift */,
				DE3B01B52B9718BA00398A43 /* UploadViewController.swift */,
				DE3B01B72B971CF700398A43 /* SettingsViewController.swift */,
			);
			path = FirebaseProject;
			sourceTree = "<group>";
		};
/* End PBXGroup section */

/* Begin PBXNativeTarget section */
		DE3B01622B97146100398A43 /* FirebaseProject */ = {
			isa = PBXNativeTarget;
			buildConfigurationList = DE3B01772B97146200398A43 /* Build configuration list for PBXNativeTarget "FirebaseProject" */;
			buildPhases = (
				DE3B015F2B97146100398A43 /* Sources */,
				DE3B01602B97146100398A43 /* Frameworks */,
				DE3B01612B97146100398A43 /* Resources */,
			);
			buildRules = (
			);
			dependencies = (
			);
			name = FirebaseProject;
			packageProductDependencies = (
				DE3B017D2B9715FA00398A43 /* FirebaseAnalytics */,
				DE3B017F2B9715FA00398A43 /* FirebaseAnalyticsOnDeviceConversion */,
				DE3B01812B9715FA00398A43 /* FirebaseAnalyticsSwift */,
				DE3B01832B9715FA00398A43 /* FirebaseAnalyticsWithoutAdIdSupport */,
				DE3B01852B9715FA00398A43 /* FirebaseAppCheck */,
				DE3B01872B9715FA00398A43 /* FirebaseAppDistribution-Beta */,
				DE3B01892B9715FA00398A43 /* FirebaseAuth */,
				DE3B018B2B9715FA00398A43 /* FirebaseAuthCombine-Community */,
				DE3B018D2B9715FA00398A43 /* FirebaseCrashlytics */,
				DE3B018F2B9715FA00398A43 /* FirebaseDatabase */,
				DE3B01912B9715FA00398A43 /* FirebaseDatabaseSwift */,
				DE3B01932B9715FA00398A43 /* FirebaseDynamicLinks */,
				DE3B01952B9715FA00398A43 /* FirebaseFirestore */,
				DE3B01972B9715FA00398A43 /* FirebaseFirestoreCombine-Community */,
				DE3B01992B9715FA00398A43 /* FirebaseFirestoreSwift */,
				DE3B019B2B9715FA00398A43 /* FirebaseFunctions */,
				DE3B019D2B9715FA00398A43 /* FirebaseFunctionsCombine-Community */,
				DE3B019F2B9715FA00398A43 /* FirebaseInAppMessaging-Beta */,
				DE3B01A12B9715FA00398A43 /* FirebaseInAppMessagingSwift-Beta */,
				DE3B01A32B9715FA00398A43 /* FirebaseInstallations */,
				DE3B01A52B9715FA00398A43 /* FirebaseMLModelDownloader */,
				DE3B01A72B9715FA00398A43 /* FirebaseMessaging */,
				DE3B01A92B9715FA00398A43 /* FirebasePerformance */,
				DE3B01AB2B9715FA00398A43 /* FirebaseRemoteConfig */,
				DE3B01AD2B9715FA00398A43 /* FirebaseRemoteConfigSwift */,
				DE3B01AF2B9715FA00398A43 /* FirebaseStorage */,
				DE3B01B12B9715FA00398A43 /* FirebaseStorageCombine-Community */,
			);
			productName = FirebaseProject;
			productReference = DE3B01632B97146100398A43 /* FirebaseProject.app */;
			productType = "com.apple.product-type.application";
		};
/* End PBXNativeTarget section */

/* Begin PBXProject section */
		DE3B015B2B97146100398A43 /* Project object */ = {
			isa = PBXProject;
			attributes = {
				BuildIndependentTargetsInParallel = 1;
				LastSwiftUpdateCheck = 1520;
				LastUpgradeCheck = 1520;
				TargetAttributes = {
					DE3B01622B97146100398A43 = {
						CreatedOnToolsVersion = 15.2;
					};
				};
			};
			buildConfigurationList = DE3B015E2B97146100398A43 /* Build configuration list for PBXProject "FirebaseProject" */;
			compatibilityVersion = "Xcode 14.0";
			developmentRegion = en;
			hasScannedForEncodings = 0;
			knownRegions = (
				en,
				Base,
			);
			mainGroup = DE3B015A2B97146100398A43;
			packageReferences = (
				DE3B017C2B9715FA00398A43 /* XCRemoteSwiftPackageReference "firebase-ios-sdk" */,
			);
			productRefGroup = DE3B01642B97146100398A43 /* Products */;
			projectDirPath = "";
			projectRoot = "";
			targets = (
				DE3B01622B97146100398A43 /* FirebaseProject */,
			);
		};
/* End PBXProject section */

/* Begin PBXResourcesBuildPhase section */
		DE3B01612B97146100398A43 /* Resources */ = {
			isa = PBXResourcesBuildPhase;
			buildActionMask = 2147483647;
			files = (
				DE3B01732B97146200398A43 /* LaunchScreen.storyboard in Resources */,
				DE3B017B2B97159B00398A43 /* GoogleService-Info.plist in Resources */,
				DE3B01702B97146200398A43 /* Assets.xcassets in Resources */,
				DE3B016E2B97146100398A43 /* Main.storyboard in Resources */,
			);
			runOnlyForDeploymentPostprocessing = 0;
		};
/* End PBXResourcesBuildPhase section */

/* Begin PBXSourcesBuildPhase section */
		DE3B015F2B97146100398A43 /* Sources */ = {
			isa = PBXSourcesBuildPhase;
			buildActionMask = 2147483647;
			files = (
				DE3B016B2B97146100398A43 /* ViewController.swift in Sources */,
				DE3B01B62B9718BA00398A43 /* UploadViewController.swift in Sources */,
				DE3B01672B97146100398A43 /* AppDelegate.swift in Sources */,
				DE3B01B42B9718B000398A43 /* FeedViewController.swift in Sources */,
				DE3B01692B97146100398A43 /* SceneDelegate.swift in Sources */,
				DE3B01B82B971CF700398A43 /* SettingsViewController.swift in Sources */,
			);
			runOnlyForDeploymentPostprocessing = 0;
		};
/* End PBXSourcesBuildPhase section */

/* Begin PBXVariantGroup section */
		DE3B016C2B97146100398A43 /* Main.storyboard */ = {
			isa = PBXVariantGroup;
			children = (
				DE3B016D2B97146100398A43 /* Base */,
			);
			name = Main.storyboard;
			sourceTree = "<group>";
		};
		DE3B01712B97146200398A43 /* LaunchScreen.storyboard */ = {
			isa = PBXVariantGroup;
			children = (
				DE3B01722B97146200398A43 /* Base */,
			);
			name = LaunchScreen.storyboard;
			sourceTree = "<group>";
		};
/* End PBXVariantGroup section */

/* Begin XCBuildConfiguration section */
		DE3B01752B97146200398A43 /* Debug */ = {
			isa = XCBuildConfiguration;
			buildSettings = {
				ALWAYS_SEARCH_USER_PATHS = NO;
				ASSETCATALOG_COMPILER_GENERATE_SWIFT_ASSET_SYMBOL_EXTENSIONS = YES;
				CLANG_ANALYZER_NONNULL = YES;
				CLANG_ANALYZER_NUMBER_OBJECT_CONVERSION = YES_AGGRESSIVE;
				CLANG_CXX_LANGUAGE_STANDARD = "gnu++20";
				CLANG_ENABLE_MODULES = YES;
				CLANG_ENABLE_OBJC_ARC = YES;
				CLANG_ENABLE_OBJC_WEAK = YES;
				CLANG_WARN_BLOCK_CAPTURE_AUTORELEASING = YES;
				CLANG_WARN_BOOL_CONVERSION = YES;
				CLANG_WARN_COMMA = YES;
				CLANG_WARN_CONSTANT_CONVERSION = YES;
				CLANG_WARN_DEPRECATED_OBJC_IMPLEMENTATIONS = YES;
				CLANG_WARN_DIRECT_OBJC_ISA_USAGE = YES_ERROR;
				CLANG_WARN_DOCUMENTATION_COMMENTS = YES;
				CLANG_WARN_EMPTY_BODY = YES;
				CLANG_WARN_ENUM_CONVERSION = YES;
				CLANG_WARN_INFINITE_RECURSION = YES;
				CLANG_WARN_INT_CONVERSION = YES;
				CLANG_WARN_NON_LITERAL_NULL_CONVERSION = YES;
				CLANG_WARN_OBJC_IMPLICIT_RETAIN_SELF = YES;
				CLANG_WARN_OBJC_LITERAL_CONVERSION = YES;
				CLANG_WARN_OBJC_ROOT_CLASS = YES_ERROR;
				CLANG_WARN_QUOTED_INCLUDE_IN_FRAMEWORK_HEADER = YES;
				CLANG_WARN_RANGE_LOOP_ANALYSIS = YES;
				CLANG_WARN_STRICT_PROTOTYPES = YES;
				CLANG_WARN_SUSPICIOUS_MOVE = YES;
				CLANG_WARN_UNGUARDED_AVAILABILITY = YES_AGGRESSIVE;
				CLANG_WARN_UNREACHABLE_CODE = YES;
				CLANG_WARN__DUPLICATE_METHOD_MATCH = YES;
				COPY_PHASE_STRIP = NO;
				DEBUG_INFORMATION_FORMAT = dwarf;
				ENABLE_STRICT_OBJC_MSGSEND = YES;
				ENABLE_TESTABILITY = YES;
				ENABLE_USER_SCRIPT_SANDBOXING = YES;
				GCC_C_LANGUAGE_STANDARD = gnu17;
				GCC_DYNAMIC_NO_PIC = NO;
				GCC_NO_COMMON_BLOCKS = YES;
				GCC_OPTIMIZATION_LEVEL = 0;
				GCC_PREPROCESSOR_DEFINITIONS = (
					"DEBUG=1",
					"$(inherited)",
				);
				GCC_WARN_64_TO_32_BIT_CONVERSION = YES;
				GCC_WARN_ABOUT_RETURN_TYPE = YES_ERROR;
				GCC_WARN_UNDECLARED_SELECTOR = YES;
				GCC_WARN_UNINITIALIZED_AUTOS = YES_AGGRESSIVE;
				GCC_WARN_UNUSED_FUNCTION = YES;
				GCC_WARN_UNUSED_VARIABLE = YES;
				IPHONEOS_DEPLOYMENT_TARGET = 17.2;
				LOCALIZATION_PREFERS_STRING_CATALOGS = YES;
				MTL_ENABLE_DEBUG_INFO = INCLUDE_SOURCE;
				MTL_FAST_MATH = YES;
				ONLY_ACTIVE_ARCH = YES;
				SDKROOT = iphoneos;
				SWIFT_ACTIVE_COMPILATION_CONDITIONS = "DEBUG $(inherited)";
				SWIFT_OPTIMIZATION_LEVEL = "-Onone";
			};
			name = Debug;
		};
		DE3B01762B97146200398A43 /* Release */ = {
			isa = XCBuildConfiguration;
			buildSettings = {
				ALWAYS_SEARCH_USER_PATHS = NO;
				ASSETCATALOG_COMPILER_GENERATE_SWIFT_ASSET_SYMBOL_EXTENSIONS = YES;
				CLANG_ANALYZER_NONNULL = YES;
				CLANG_ANALYZER_NUMBER_OBJECT_CONVERSION = YES_AGGRESSIVE;
				CLANG_CXX_LANGUAGE_STANDARD = "gnu++20";
				CLANG_ENABLE_MODULES = YES;
				CLANG_ENABLE_OBJC_ARC = YES;
				CLANG_ENABLE_OBJC_WEAK = YES;
				CLANG_WARN_BLOCK_CAPTURE_AUTORELEASING = YES;
				CLANG_WARN_BOOL_CONVERSION = YES;
				CLANG_WARN_COMMA = YES;
				CLANG_WARN_CONSTANT_CONVERSION = YES;
				CLANG_WARN_DEPRECATED_OBJC_IMPLEMENTATIONS = YES;
				CLANG_WARN_DIRECT_OBJC_ISA_USAGE = YES_ERROR;
				CLANG_WARN_DOCUMENTATION_COMMENTS = YES;
				CLANG_WARN_EMPTY_BODY = YES;
				CLANG_WARN_ENUM_CONVERSION = YES;
				CLANG_WARN_INFINITE_RECURSION = YES;
				CLANG_WARN_INT_CONVERSION = YES;
				CLANG_WARN_NON_LITERAL_NULL_CONVERSION = YES;
				CLANG_WARN_OBJC_IMPLICIT_RETAIN_SELF = YES;
				CLANG_WARN_OBJC_LITERAL_CONVERSION = YES;
				CLANG_WARN_OBJC_ROOT_CLASS = YES_ERROR;
				CLANG_WARN_QUOTED_INCLUDE_IN_FRAMEWORK_HEADER = YES;
				CLANG_WARN_RANGE_LOOP_ANALYSIS = YES;
				CLANG_WARN_STRICT_PROTOTYPES = YES;
				CLANG_WARN_SUSPICIOUS_MOVE = YES;
				CLANG_WARN_UNGUARDED_AVAILABILITY = YES_AGGRESSIVE;
				CLANG_WARN_UNREACHABLE_CODE = YES;
				CLANG_WARN__DUPLICATE_METHOD_MATCH = YES;
				COPY_PHASE_STRIP = NO;
				DEBUG_INFORMATION_FORMAT = "dwarf-with-dsym";
				ENABLE_NS_ASSERTIONS = NO;
				ENABLE_STRICT_OBJC_MSGSEND = YES;
				ENABLE_USER_SCRIPT_SANDBOXING = YES;
				GCC_C_LANGUAGE_STANDARD = gnu17;
				GCC_NO_COMMON_BLOCKS = YES;
				GCC_WARN_64_TO_32_BIT_CONVERSION = YES;
				GCC_WARN_ABOUT_RETURN_TYPE = YES_ERROR;
				GCC_WARN_UNDECLARED_SELECTOR = YES;
				GCC_WARN_UNINITIALIZED_AUTOS = YES_AGGRESSIVE;
				GCC_WARN_UNUSED_FUNCTION = YES;
				GCC_WARN_UNUSED_VARIABLE = YES;
				IPHONEOS_DEPLOYMENT_TARGET = 17.2;
				LOCALIZATION_PREFERS_STRING_CATALOGS = YES;
				MTL_ENABLE_DEBUG_INFO = NO;
				MTL_FAST_MATH = YES;
				SDKROOT = iphoneos;
				SWIFT_COMPILATION_MODE = wholemodule;
				VALIDATE_PRODUCT = YES;
			};
			name = Release;
		};
		DE3B01782B97146200398A43 /* Debug */ = {
			isa = XCBuildConfiguration;
			buildSettings = {
				ASSETCATALOG_COMPILER_APPICON_NAME = AppIcon;
				ASSETCATALOG_COMPILER_GLOBAL_ACCENT_COLOR_NAME = AccentColor;
				CODE_SIGN_STYLE = Automatic;
				CURRENT_PROJECT_VERSION = 1;
				GENERATE_INFOPLIST_FILE = YES;
				INFOPLIST_FILE = FirebaseProject/Info.plist;
				INFOPLIST_KEY_UIApplicationSupportsIndirectInputEvents = YES;
				INFOPLIST_KEY_UILaunchStoryboardName = LaunchScreen;
				INFOPLIST_KEY_UIMainStoryboardFile = Main;
				INFOPLIST_KEY_UISupportedInterfaceOrientations_iPad = "UIInterfaceOrientationPortrait UIInterfaceOrientationPortraitUpsideDown UIInterfaceOrientationLandscapeLeft UIInterfaceOrientationLandscapeRight";
				INFOPLIST_KEY_UISupportedInterfaceOrientations_iPhone = "UIInterfaceOrientationPortrait UIInterfaceOrientationLandscapeLeft UIInterfaceOrientationLandscapeRight";
				LD_RUNPATH_SEARCH_PATHS = (
					"$(inherited)",
					"@executable_path/Frameworks",
				);
				MARKETING_VERSION = 1.0;
				PRODUCT_BUNDLE_IDENTIFIER = com.eneskala.FirebaseProject;
				PRODUCT_NAME = "$(TARGET_NAME)";
				SWIFT_EMIT_LOC_STRINGS = YES;
				SWIFT_VERSION = 5.0;
				TARGETED_DEVICE_FAMILY = "1,2";
			};
			name = Debug;
		};
		DE3B01792B97146200398A43 /* Release */ = {
			isa = XCBuildConfiguration;
			buildSettings = {
				ASSETCATALOG_COMPILER_APPICON_NAME = AppIcon;
				ASSETCATALOG_COMPILER_GLOBAL_ACCENT_COLOR_NAME = AccentColor;
				CODE_SIGN_STYLE = Automatic;
				CURRENT_PROJECT_VERSION = 1;
				GENERATE_INFOPLIST_FILE = YES;
				INFOPLIST_FILE = FirebaseProject/Info.plist;
				INFOPLIST_KEY_UIApplicationSupportsIndirectInputEvents = YES;
				INFOPLIST_KEY_UILaunchStoryboardName = LaunchScreen;
				INFOPLIST_KEY_UIMainStoryboardFile = Main;
				INFOPLIST_KEY_UISupportedInterfaceOrientations_iPad = "UIInterfaceOrientationPortrait UIInterfaceOrientationPortraitUpsideDown UIInterfaceOrientationLandscapeLeft UIInterfaceOrientationLandscapeRight";
				INFOPLIST_KEY_UISupportedInterfaceOrientations_iPhone = "UIInterfaceOrientationPortrait UIInterfaceOrientationLandscapeLeft UIInterfaceOrientationLandscapeRight";
				LD_RUNPATH_SEARCH_PATHS = (
					"$(inherited)",
					"@executable_path/Frameworks",
				);
				MARKETING_VERSION = 1.0;
				PRODUCT_BUNDLE_IDENTIFIER = com.eneskala.FirebaseProject;
				PRODUCT_NAME = "$(TARGET_NAME)";
				SWIFT_EMIT_LOC_STRINGS = YES;
				SWIFT_VERSION = 5.0;
				TARGETED_DEVICE_FAMILY = "1,2";
			};
			name = Release;
		};
/* End XCBuildConfiguration section */

/* Begin XCConfigurationList section */
		DE3B015E2B97146100398A43 /* Build configuration list for PBXProject "FirebaseProject" */ = {
			isa = XCConfigurationList;
			buildConfigurations = (
				DE3B01752B97146200398A43 /* Debug */,
				DE3B01762B97146200398A43 /* Release */,
			);
			defaultConfigurationIsVisible = 0;
			defaultConfigurationName = Release;
		};
		DE3B01772B97146200398A43 /* Build configuration list for PBXNativeTarget "FirebaseProject" */ = {
			isa = XCConfigurationList;
			buildConfigurations = (
				DE3B01782B97146200398A43 /* Debug */,
				DE3B01792B97146200398A43 /* Release */,
			);
			defaultConfigurationIsVisible = 0;
			defaultConfigurationName = Release;
		};
/* End XCConfigurationList section */

/* Begin XCRemoteSwiftPackageReference section */
		DE3B017C2B9715FA00398A43 /* XCRemoteSwiftPackageReference "firebase-ios-sdk" */ = {
			isa = XCRemoteSwiftPackageReference;
			repositoryURL = "https://github.com/firebase/firebase-ios-sdk";
			requirement = {
				kind = upToNextMajorVersion;
				minimumVersion = 10.22.0;
			};
		};
/* End XCRemoteSwiftPackageReference section */

/* Begin XCSwiftPackageProductDependency section */
		DE3B017D2B9715FA00398A43 /* FirebaseAnalytics */ = {
			isa = XCSwiftPackageProductDependency;
			package = DE3B017C2B9715FA00398A43 /* XCRemoteSwiftPackageReference "firebase-ios-sdk" */;
			productName = FirebaseAnalytics;
		};
		DE3B017F2B9715FA00398A43 /* FirebaseAnalyticsOnDeviceConversion */ = {
			isa = XCSwiftPackageProductDependency;
			package = DE3B017C2B9715FA00398A43 /* XCRemoteSwiftPackageReference "firebase-ios-sdk" */;
			productName = FirebaseAnalyticsOnDeviceConversion;
		};
		DE3B01812B9715FA00398A43 /* FirebaseAnalyticsSwift */ = {
			isa = XCSwiftPackageProductDependency;
			package = DE3B017C2B9715FA00398A43 /* XCRemoteSwiftPackageReference "firebase-ios-sdk" */;
			productName = FirebaseAnalyticsSwift;
		};
		DE3B01832B9715FA00398A43 /* FirebaseAnalyticsWithoutAdIdSupport */ = {
			isa = XCSwiftPackageProductDependency;
			package = DE3B017C2B9715FA00398A43 /* XCRemoteSwiftPackageReference "firebase-ios-sdk" */;
			productName = FirebaseAnalyticsWithoutAdIdSupport;
		};
		DE3B01852B9715FA00398A43 /* FirebaseAppCheck */ = {
			isa = XCSwiftPackageProductDependency;
			package = DE3B017C2B9715FA00398A43 /* XCRemoteSwiftPackageReference "firebase-ios-sdk" */;
			productName = FirebaseAppCheck;
		};
		DE3B01872B9715FA00398A43 /* FirebaseAppDistribution-Beta */ = {
			isa = XCSwiftPackageProductDependency;
			package = DE3B017C2B9715FA00398A43 /* XCRemoteSwiftPackageReference "firebase-ios-sdk" */;
			productName = "FirebaseAppDistribution-Beta";
		};
		DE3B01892B9715FA00398A43 /* FirebaseAuth */ = {
			isa = XCSwiftPackageProductDependency;
			package = DE3B017C2B9715FA00398A43 /* XCRemoteSwiftPackageReference "firebase-ios-sdk" */;
			productName = FirebaseAuth;
		};
		DE3B018B2B9715FA00398A43 /* FirebaseAuthCombine-Community */ = {
			isa = XCSwiftPackageProductDependency;
			package = DE3B017C2B9715FA00398A43 /* XCRemoteSwiftPackageReference "firebase-ios-sdk" */;
			productName = "FirebaseAuthCombine-Community";
		};
		DE3B018D2B9715FA00398A43 /* FirebaseCrashlytics */ = {
			isa = XCSwiftPackageProductDependency;
			package = DE3B017C2B9715FA00398A43 /* XCRemoteSwiftPackageReference "firebase-ios-sdk" */;
			productName = FirebaseCrashlytics;
		};
		DE3B018F2B9715FA00398A43 /* FirebaseDatabase */ = {
			isa = XCSwiftPackageProductDependency;
			package = DE3B017C2B9715FA00398A43 /* XCRemoteSwiftPackageReference "firebase-ios-sdk" */;
			productName = FirebaseDatabase;
		};
		DE3B01912B9715FA00398A43 /* FirebaseDatabaseSwift */ = {
			isa = XCSwiftPackageProductDependency;
			package = DE3B017C2B9715FA00398A43 /* XCRemoteSwiftPackageReference "firebase-ios-sdk" */;
			productName = FirebaseDatabaseSwift;
		};
		DE3B01932B9715FA00398A43 /* FirebaseDynamicLinks */ = {
			isa = XCSwiftPackageProductDependency;
			package = DE3B017C2B9715FA00398A43 /* XCRemoteSwiftPackageReference "firebase-ios-sdk" */;
			productName = FirebaseDynamicLinks;
		};
		DE3B01952B9715FA00398A43 /* FirebaseFirestore */ = {
			isa = XCSwiftPackageProductDependency;
			package = DE3B017C2B9715FA00398A43 /* XCRemoteSwiftPackageReference "firebase-ios-sdk" */;
			productName = FirebaseFirestore;
		};
		DE3B01972B9715FA00398A43 /* FirebaseFirestoreCombine-Community */ = {
			isa = XCSwiftPackageProductDependency;
			package = DE3B017C2B9715FA00398A43 /* XCRemoteSwiftPackageReference "firebase-ios-sdk" */;
			productName = "FirebaseFirestoreCombine-Community";
		};
		DE3B01992B9715FA00398A43 /* FirebaseFirestoreSwift */ = {
			isa = XCSwiftPackageProductDependency;
			package = DE3B017C2B9715FA00398A43 /* XCRemoteSwiftPackageReference "firebase-ios-sdk" */;
			productName = FirebaseFirestoreSwift;
		};
		DE3B019B2B9715FA00398A43 /* FirebaseFunctions */ = {
			isa = XCSwiftPackageProductDependency;
			package = DE3B017C2B9715FA00398A43 /* XCRemoteSwiftPackageReference "firebase-ios-sdk" */;
			productName = FirebaseFunctions;
		};
		DE3B019D2B9715FA00398A43 /* FirebaseFunctionsCombine-Community */ = {
			isa = XCSwiftPackageProductDependency;
			package = DE3B017C2B9715FA00398A43 /* XCRemoteSwiftPackageReference "firebase-ios-sdk" */;
			productName = "FirebaseFunctionsCombine-Community";
		};
		DE3B019F2B9715FA00398A43 /* FirebaseInAppMessaging-Beta */ = {
			isa = XCSwiftPackageProductDependency;
			package = DE3B017C2B9715FA00398A43 /* XCRemoteSwiftPackageReference "firebase-ios-sdk" */;
			productName = "FirebaseInAppMessaging-Beta";
		};
		DE3B01A12B9715FA00398A43 /* FirebaseInAppMessagingSwift-Beta */ = {
			isa = XCSwiftPackageProductDependency;
			package = DE3B017C2B9715FA00398A43 /* XCRemoteSwiftPackageReference "firebase-ios-sdk" */;
			productName = "FirebaseInAppMessagingSwift-Beta";
		};
		DE3B01A32B9715FA00398A43 /* FirebaseInstallations */ = {
			isa = XCSwiftPackageProductDependency;
			package = DE3B017C2B9715FA00398A43 /* XCRemoteSwiftPackageReference "firebase-ios-sdk" */;
			productName = FirebaseInstallations;
		};
		DE3B01A52B9715FA00398A43 /* FirebaseMLModelDownloader */ = {
			isa = XCSwiftPackageProductDependency;
			package = DE3B017C2B9715FA00398A43 /* XCRemoteSwiftPackageReference "firebase-ios-sdk" */;
			productName = FirebaseMLModelDownloader;
		};
		DE3B01A72B9715FA00398A43 /* FirebaseMessaging */ = {
			isa = XCSwiftPackageProductDependency;
			package = DE3B017C2B9715FA00398A43 /* XCRemoteSwiftPackageReference "firebase-ios-sdk" */;
			productName = FirebaseMessaging;
		};
		DE3B01A92B9715FA00398A43 /* FirebasePerformance */ = {
			isa = XCSwiftPackageProductDependency;
			package = DE3B017C2B9715FA00398A43 /* XCRemoteSwiftPackageReference "firebase-ios-sdk" */;
			productName = FirebasePerformance;
		};
		DE3B01AB2B9715FA00398A43 /* FirebaseRemoteConfig */ = {
			isa = XCSwiftPackageProductDependency;
			package = DE3B017C2B9715FA00398A43 /* XCRemoteSwiftPackageReference "firebase-ios-sdk" */;
			productName = FirebaseRemoteConfig;
		};
		DE3B01AD2B9715FA00398A43 /* FirebaseRemoteConfigSwift */ = {
			isa = XCSwiftPackageProductDependency;
			package = DE3B017C2B9715FA00398A43 /* XCRemoteSwiftPackageReference "firebase-ios-sdk" */;
			productName = FirebaseRemoteConfigSwift;
		};
		DE3B01AF2B9715FA00398A43 /* FirebaseStorage */ = {
			isa = XCSwiftPackageProductDependency;
			package = DE3B017C2B9715FA00398A43 /* XCRemoteSwiftPackageReference "firebase-ios-sdk" */;
			productName = FirebaseStorage;
		};
		DE3B01B12B9715FA00398A43 /* FirebaseStorageCombine-Community */ = {
			isa = XCSwiftPackageProductDependency;
			package = DE3B017C2B9715FA00398A43 /* XCRemoteSwiftPackageReference "firebase-ios-sdk" */;
			productName = "FirebaseStorageCombine-Community";
		};
/* End XCSwiftPackageProductDependency section */
	};
	rootObject = DE3B015B2B97146100398A43 /* Project object */;
}
